
Microsoft Visual Studio Solution File, Format Version 12.00
# Visual Studio Version 16
VisualStudioVersion = 16.0.32407.337
MinimumVisualStudioVersion = 10.0.40219.1
Project("{FAE04EC0-301F-11D3-BF4B-00C04F79EFBC}") = "Muistipeli", "Muistipeli\Muistipeli.csproj", "{677E17A2-697A-4EC1-863F-3E6EFDC3EB65}"
EndProject
Global
	GlobalSection(SolutionConfigurationPlatforms) = preSolution
		Debug|Any CPU = Debug|Any CPU
		Release|Any CPU = Release|Any CPU
	EndGlobalSection
	GlobalSection(ProjectConfigurationPlatforms) = postSolution
		{677E17A2-697A-4EC1-863F-3E6EFDC3EB65}.Debug|Any CPU.ActiveCfg = Debug|Any CPU
		{677E17A2-697A-4EC1-863F-3E6EFDC3EB65}.Debug|Any CPU.Build.0 = Debug|Any CPU
		{677E17A2-697A-4EC1-863F-3E6EFDC3EB65}.Release|Any CPU.ActiveCfg = Release|Any CPU
		{677E17A2-697A-4EC1-863F-3E6EFDC3EB65}.Release|Any CPU.Build.0 = Release|Any CPU
	EndGlobalSection
	GlobalSection(SolutionProperties) = preSolution
		HideSolutionNode = FALSE
	EndGlobalSection
	GlobalSection(ExtensibilityGlobals) = postSolution
		SolutionGuid = {F4DB863A-2C7F-4996-A6C4-CDCBED18D3DC}
	EndGlobalSection
EndGlobal
